
Microsoft Visual Studio Solution File, Format Version 12.00
# Visual Studio 2013
VisualStudioVersion = 12.0.31101.0
MinimumVisualStudioVersion = 10.0.40219.1
Project("{FAE04EC0-301F-11D3-BF4B-00C04F79EFBC}") = "Trails7Repo", "Trails7Repo\Trails7Repo.csproj", "{C656361F-1B23-48E4-A44D-2AC75B975837}"
EndProject
Project("{FAE04EC0-301F-11D3-BF4B-00C04F79EFBC}") = "Trails7Repo.Data", "Trails7Repo.Data\Trails7Repo.Data.csproj", "{771BD1C6-EF79-4F21-BC56-3A768340DA21}"
EndProject
Project("{FAE04EC0-301F-11D3-BF4B-00C04F79EFBC}") = "Trails7Repo.Data.Models", "Trails7Repo.Data.Models\Trails7Repo.Data.Models.csproj", "{850017A2-C69F-4FFA-98B7-5585EAC6EDA6}"
EndProject
Global
	GlobalSection(SolutionConfigurationPlatforms) = preSolution
		Debug|Any CPU = Debug|Any CPU
		Release|Any CPU = Release|Any CPU
	EndGlobalSection
	GlobalSection(ProjectConfigurationPlatforms) = postSolution
		{C656361F-1B23-48E4-A44D-2AC75B975837}.Debug|Any CPU.ActiveCfg = Debug|Any CPU
		{C656361F-1B23-48E4-A44D-2AC75B975837}.Debug|Any CPU.Build.0 = Debug|Any CPU
		{C656361F-1B23-48E4-A44D-2AC75B975837}.Release|Any CPU.ActiveCfg = Release|Any CPU
		{C656361F-1B23-48E4-A44D-2AC75B975837}.Release|Any CPU.Build.0 = Release|Any CPU
		{771BD1C6-EF79-4F21-BC56-3A768340DA21}.Debug|Any CPU.ActiveCfg = Debug|Any CPU
		{771BD1C6-EF79-4F21-BC56-3A768340DA21}.Debug|Any CPU.Build.0 = Debug|Any CPU
		{771BD1C6-EF79-4F21-BC56-3A768340DA21}.Release|Any CPU.ActiveCfg = Release|Any CPU
		{771BD1C6-EF79-4F21-BC56-3A768340DA21}.Release|Any CPU.Build.0 = Release|Any CPU
		{850017A2-C69F-4FFA-98B7-5585EAC6EDA6}.Debug|Any CPU.ActiveCfg = Debug|Any CPU
		{850017A2-C69F-4FFA-98B7-5585EAC6EDA6}.Debug|Any CPU.Build.0 = Debug|Any CPU
		{850017A2-C69F-4FFA-98B7-5585EAC6EDA6}.Release|Any CPU.ActiveCfg = Release|Any CPU
		{850017A2-C69F-4FFA-98B7-5585EAC6EDA6}.Release|Any CPU.Build.0 = Release|Any CPU
	EndGlobalSection
	GlobalSection(SolutionProperties) = preSolution
		HideSolutionNode = FALSE
	EndGlobalSection
EndGlobal
